
Microsoft Visual Studio Solution File, Format Version 12.00
# Visual Studio Version 16
VisualStudioVersion = 16.0.30011.22
MinimumVisualStudioVersion = 10.0.40219.1
Project("{FAE04EC0-301F-11D3-BF4B-00C04F79EFBC}") = "TravelAgency", "WindowsFormsApp2\TravelAgency.csproj", "{F8BE1234-9BB2-41E5-9C01-A91BA07C431B}"
EndProject
Global
	GlobalSection(SolutionConfigurationPlatforms) = preSolution
		Debug|Any CPU = Debug|Any CPU
		Release|Any CPU = Release|Any CPU
	EndGlobalSection
	GlobalSection(ProjectConfigurationPlatforms) = postSolution
		{F8BE1234-9BB2-41E5-9C01-A91BA07C431B}.Debug|Any CPU.ActiveCfg = Debug|Any CPU
		{F8BE1234-9BB2-41E5-9C01-A91BA07C431B}.Debug|Any CPU.Build.0 = Debug|Any CPU
		{F8BE1234-9BB2-41E5-9C01-A91BA07C431B}.Release|Any CPU.ActiveCfg = Release|Any CPU
		{F8BE1234-9BB2-41E5-9C01-A91BA07C431B}.Release|Any CPU.Build.0 = Release|Any CPU
	EndGlobalSection
	GlobalSection(SolutionProperties) = preSolution
		HideSolutionNode = FALSE
	EndGlobalSection
	GlobalSection(ExtensibilityGlobals) = postSolution
		SolutionGuid = {B78EE43D-614D-4C4A-A6D1-EA45169B2FB0}
	EndGlobalSection
EndGlobal
