
Microsoft Visual Studio Solution File, Format Version 12.00
# Visual Studio Version 16
VisualStudioVersion = 16.0.30011.22
MinimumVisualStudioVersion = 10.0.40219.1
Project("{FAE04EC0-301F-11D3-BF4B-00C04F79EFBC}") = "TravelAgencyBD", "TravelAgencyBD\TravelAgencyBD.csproj", "{3223BBE6-6A99-4DD0-808B-7C37F6C0C0AE}"
EndProject
Global
	GlobalSection(SolutionConfigurationPlatforms) = preSolution
		Debug|Any CPU = Debug|Any CPU
		Release|Any CPU = Release|Any CPU
	EndGlobalSection
	GlobalSection(ProjectConfigurationPlatforms) = postSolution
		{3223BBE6-6A99-4DD0-808B-7C37F6C0C0AE}.Debug|Any CPU.ActiveCfg = Debug|Any CPU
		{3223BBE6-6A99-4DD0-808B-7C37F6C0C0AE}.Debug|Any CPU.Build.0 = Debug|Any CPU
		{3223BBE6-6A99-4DD0-808B-7C37F6C0C0AE}.Release|Any CPU.ActiveCfg = Release|Any CPU
		{3223BBE6-6A99-4DD0-808B-7C37F6C0C0AE}.Release|Any CPU.Build.0 = Release|Any CPU
	EndGlobalSection
	GlobalSection(SolutionProperties) = preSolution
		HideSolutionNode = FALSE
	EndGlobalSection
	GlobalSection(ExtensibilityGlobals) = postSolution
		SolutionGuid = {DE9AA9FC-5774-49FE-811A-F5EF46103AE6}
	EndGlobalSection
EndGlobal
